# This file was autogenerated by uv via the following command:
#    uv pip compile bench/requirements.txt -o bench/requirements.lock
babel==2.16.0
    # via timefhuman
dateparser==1.4.3
    # via -r bench/requirements.txt
lark==1.2.2
    # via timefhuman
parsedatetime==2.6
    # via
    #   -r bench/requirements.txt
    #   recurrent
python-dateutil==2.9.0.post0
    # via
    #   dateparser
    #   timefhuman
pytz==2024.2
    # via
    #   dateparser
    #   timefhuman
recurrent==0.4.1
    # via -r bench/requirements.txt
regex==2026.9.3
    # via dateparser
six==1.17.0
    # via python-dateutil
timefhuman==0.1.5
    # via -r bench/requirements.txt
tzlocal==5.4.4
    # via dateparser
